# Wiki: configuration/block/behaviors/near_liquid_block.md
# 邻液方块 - 必须放置在靠近水或熔岩的位置才能存活
# 冰视为水源；流动液体（非仅源方块）也有效

blocks:
  custom:your_block:
    behavior:
      type: near_liquid_block

      # 所需液体类型: "water", "lava", 或 ["water", "lava"]（默认 ["water"]）
      liquid_type: water  # << CHANGE THIS

      # 允许堆叠在同类型方块上存活（默认 false）
      # true: 即使附近无液体，下方有同类型方块即可存活
      # false: 必须在指定 positions 处有目标液体
      stackable: false  # << CHANGE THIS

      # 检测液体的相对坐标列表（必需，至少一项）
      # 格式: "x,y,z"（相对此方块的偏移量）
      # 条件：某位置有目标液体且该位置上方无流体阻挡，即满足存活
      positions:  # << CHANGE THESE
        - -1,-1,0
        - 1,-1,0
        - 0,-1,-1
        - 0,-1,1
